
Microsoft Visual Studio Solution File, Format Version 12.00
# Visual Studio Version 16
VisualStudioVersion = 16.0.30011.22
MinimumVisualStudioVersion = 10.0.40219.1
Project("{2150E333-8FDC-42A3-9474-1A3956D46DE8}") = "1 - Services", "1 - Services", "{3380686C-704C-49DE-8813-EE02AB9BB1BE}"
EndProject
Project("{2150E333-8FDC-42A3-9474-1A3956D46DE8}") = "2 - InfraStructure", "2 - InfraStructure", "{65F3D328-7D5D-4D9D-A9D3-6ADA2FA987A2}"
EndProject
Project("{2150E333-8FDC-42A3-9474-1A3956D46DE8}") = "3 - Tests", "3 - Tests", "{A9B86773-9393-4470-8026-F29D4B58D18F}"
EndProject
Project("{9A19103F-16F7-4668-BE54-9A1E7A4F7556}") = "Projeto.Services", "Projeto.Services\Projeto.Services.csproj", "{7B516061-0987-4C4F-8C2A-9847A09B2C75}"
EndProject
Project("{9A19103F-16F7-4668-BE54-9A1E7A4F7556}") = "Projeto.Tests", "Projeto.Tests\Projeto.Tests.csproj", "{A2F787EE-13EA-46E1-9C71-AB494681DB8F}"
EndProject
Project("{FAE04EC0-301F-11D3-BF4B-00C04F79EFBC}") = "Projeto.Infra.Data", "Projeto.Infra.Data\Projeto.Infra.Data.csproj", "{EF3FA50E-DF36-44E0-9141-35D386911D2A}"
EndProject
Global
	GlobalSection(SolutionConfigurationPlatforms) = preSolution
		Debug|Any CPU = Debug|Any CPU
		Release|Any CPU = Release|Any CPU
	EndGlobalSection
	GlobalSection(ProjectConfigurationPlatforms) = postSolution
		{7B516061-0987-4C4F-8C2A-9847A09B2C75}.Debug|Any CPU.ActiveCfg = Debug|Any CPU
		{7B516061-0987-4C4F-8C2A-9847A09B2C75}.Debug|Any CPU.Build.0 = Debug|Any CPU
		{7B516061-0987-4C4F-8C2A-9847A09B2C75}.Release|Any CPU.ActiveCfg = Release|Any CPU
		{7B516061-0987-4C4F-8C2A-9847A09B2C75}.Release|Any CPU.Build.0 = Release|Any CPU
		{A2F787EE-13EA-46E1-9C71-AB494681DB8F}.Debug|Any CPU.ActiveCfg = Debug|Any CPU
		{A2F787EE-13EA-46E1-9C71-AB494681DB8F}.Debug|Any CPU.Build.0 = Debug|Any CPU
		{A2F787EE-13EA-46E1-9C71-AB494681DB8F}.Release|Any CPU.ActiveCfg = Release|Any CPU
		{A2F787EE-13EA-46E1-9C71-AB494681DB8F}.Release|Any CPU.Build.0 = Release|Any CPU
		{EF3FA50E-DF36-44E0-9141-35D386911D2A}.Debug|Any CPU.ActiveCfg = Debug|Any CPU
		{EF3FA50E-DF36-44E0-9141-35D386911D2A}.Debug|Any CPU.Build.0 = Debug|Any CPU
		{EF3FA50E-DF36-44E0-9141-35D386911D2A}.Release|Any CPU.ActiveCfg = Release|Any CPU
		{EF3FA50E-DF36-44E0-9141-35D386911D2A}.Release|Any CPU.Build.0 = Release|Any CPU
	EndGlobalSection
	GlobalSection(SolutionProperties) = preSolution
		HideSolutionNode = FALSE
	EndGlobalSection
	GlobalSection(NestedProjects) = preSolution
		{7B516061-0987-4C4F-8C2A-9847A09B2C75} = {3380686C-704C-49DE-8813-EE02AB9BB1BE}
		{A2F787EE-13EA-46E1-9C71-AB494681DB8F} = {A9B86773-9393-4470-8026-F29D4B58D18F}
		{EF3FA50E-DF36-44E0-9141-35D386911D2A} = {65F3D328-7D5D-4D9D-A9D3-6ADA2FA987A2}
	EndGlobalSection
	GlobalSection(ExtensibilityGlobals) = postSolution
		SolutionGuid = {A5A1A0D2-DF7D-46DA-88C2-11FE9B787483}
	EndGlobalSection
EndGlobal
